
Microsoft Visual Studio Solution File, Format Version 12.00
# Visual Studio Version 17
VisualStudioVersion = 17.11.35327.3
MinimumVisualStudioVersion = 10.0.40219.1
Project("{FAE04EC0-301F-11D3-BF4B-00C04F79EFBC}") = "NomeMaisVelho", "ConsoleApp1\NomeMaisVelho.csproj", "{B6BBB54A-4E7F-4B35-A258-CC3A1C99ED0B}"
EndProject
Global
	GlobalSection(SolutionConfigurationPlatforms) = preSolution
		Debug|Any CPU = Debug|Any CPU
		Release|Any CPU = Release|Any CPU
	EndGlobalSection
	GlobalSection(ProjectConfigurationPlatforms) = postSolution
		{B6BBB54A-4E7F-4B35-A258-CC3A1C99ED0B}.Debug|Any CPU.ActiveCfg = Debug|Any CPU
		{B6BBB54A-4E7F-4B35-A258-CC3A1C99ED0B}.Debug|Any CPU.Build.0 = Debug|Any CPU
		{B6BBB54A-4E7F-4B35-A258-CC3A1C99ED0B}.Release|Any CPU.ActiveCfg = Release|Any CPU
		{B6BBB54A-4E7F-4B35-A258-CC3A1C99ED0B}.Release|Any CPU.Build.0 = Release|Any CPU
	EndGlobalSection
	GlobalSection(SolutionProperties) = preSolution
		HideSolutionNode = FALSE
	EndGlobalSection
	GlobalSection(ExtensibilityGlobals) = postSolution
		SolutionGuid = {C5416416-FEA8-4558-8564-9447E507A699}
	EndGlobalSection
EndGlobal
